
Microsoft Visual Studio Solution File, Format Version 12.00
# Visual Studio Version 16
VisualStudioVersion = 16.0.31019.35
MinimumVisualStudioVersion = 10.0.40219.1
Project("{FAE04EC0-301F-11D3-BF4B-00C04F79EFBC}") = "HorizonsClothes", "SuperMarketManagmentFINAL\HorizonsClothes.csproj", "{7EDD4625-4477-4770-8FD5-EDC2F6D44426}"
EndProject
Global
	GlobalSection(SolutionConfigurationPlatforms) = preSolution
		Debug|Any CPU = Debug|Any CPU
		Release|Any CPU = Release|Any CPU
	EndGlobalSection
	GlobalSection(ProjectConfigurationPlatforms) = postSolution
		{7EDD4625-4477-4770-8FD5-EDC2F6D44426}.Debug|Any CPU.ActiveCfg = Debug|Any CPU
		{7EDD4625-4477-4770-8FD5-EDC2F6D44426}.Debug|Any CPU.Build.0 = Debug|Any CPU
		{7EDD4625-4477-4770-8FD5-EDC2F6D44426}.Release|Any CPU.ActiveCfg = Release|Any CPU
		{7EDD4625-4477-4770-8FD5-EDC2F6D44426}.Release|Any CPU.Build.0 = Release|Any CPU
	EndGlobalSection
	GlobalSection(SolutionProperties) = preSolution
		HideSolutionNode = FALSE
	EndGlobalSection
	GlobalSection(ExtensibilityGlobals) = postSolution
		SolutionGuid = {863F116D-8BE9-41F4-9E64-481E294901BC}
	EndGlobalSection
EndGlobal
